
Microsoft Visual Studio Solution File, Format Version 12.00
# Visual Studio 15
Project("{FAE04EC0-301F-11D3-BF4B-00C04F79EFBC}") = "VuforiaScripts", "VuforiaScripts.csproj", "{8E69A4AD-583D-8B53-1A09-F03EDCF5F9F3}"
EndProject
Project("{FAE04EC0-301F-11D3-BF4B-00C04F79EFBC}") = "Assembly-CSharp", "Assembly-CSharp.csproj", "{C916AFBB-3904-CEA6-D487-B3193E232923}"
EndProject
Project("{FAE04EC0-301F-11D3-BF4B-00C04F79EFBC}") = "VuforiaEditorScripts", "VuforiaEditorScripts.csproj", "{0522AF25-709E-1C57-D305-CEBB98C9A45B}"
EndProject
Global
	GlobalSection(SolutionConfigurationPlatforms) = preSolution
		Debug|Any CPU = Debug|Any CPU
		Release|Any CPU = Release|Any CPU
	EndGlobalSection
	GlobalSection(ProjectConfigurationPlatforms) = postSolution
		{8E69A4AD-583D-8B53-1A09-F03EDCF5F9F3}.Debug|Any CPU.ActiveCfg = Debug|Any CPU
		{8E69A4AD-583D-8B53-1A09-F03EDCF5F9F3}.Debug|Any CPU.Build.0 = Debug|Any CPU
		{8E69A4AD-583D-8B53-1A09-F03EDCF5F9F3}.Release|Any CPU.ActiveCfg = Release|Any CPU
		{8E69A4AD-583D-8B53-1A09-F03EDCF5F9F3}.Release|Any CPU.Build.0 = Release|Any CPU
		{C916AFBB-3904-CEA6-D487-B3193E232923}.Debug|Any CPU.ActiveCfg = Debug|Any CPU
		{C916AFBB-3904-CEA6-D487-B3193E232923}.Debug|Any CPU.Build.0 = Debug|Any CPU
		{C916AFBB-3904-CEA6-D487-B3193E232923}.Release|Any CPU.ActiveCfg = Release|Any CPU
		{C916AFBB-3904-CEA6-D487-B3193E232923}.Release|Any CPU.Build.0 = Release|Any CPU
		{0522AF25-709E-1C57-D305-CEBB98C9A45B}.Debug|Any CPU.ActiveCfg = Debug|Any CPU
		{0522AF25-709E-1C57-D305-CEBB98C9A45B}.Debug|Any CPU.Build.0 = Debug|Any CPU
		{0522AF25-709E-1C57-D305-CEBB98C9A45B}.Release|Any CPU.ActiveCfg = Release|Any CPU
		{0522AF25-709E-1C57-D305-CEBB98C9A45B}.Release|Any CPU.Build.0 = Release|Any CPU
	EndGlobalSection
	GlobalSection(SolutionProperties) = preSolution
		HideSolutionNode = FALSE
	EndGlobalSection
EndGlobal
